
Microsoft Visual Studio Solution File, Format Version 12.00
# Visual Studio Version 17
VisualStudioVersion = 17.8.34330.188
MinimumVisualStudioVersion = 10.0.40219.1
Project("{FAE04EC0-301F-11D3-BF4B-00C04F79EFBC}") = "ImageTiles", "ImageTiles.csproj", "{949B4695-1E0E-4EC7-81ED-83F91906D50D}"
EndProject
Global
	GlobalSection(SolutionConfigurationPlatforms) = preSolution
		Debug|Any CPU = Debug|Any CPU
		Release|Any CPU = Release|Any CPU
	EndGlobalSection
	GlobalSection(ProjectConfigurationPlatforms) = postSolution
		{949B4695-1E0E-4EC7-81ED-83F91906D50D}.Debug|Any CPU.ActiveCfg = Debug|Any CPU
		{949B4695-1E0E-4EC7-81ED-83F91906D50D}.Debug|Any CPU.Build.0 = Debug|Any CPU
		{949B4695-1E0E-4EC7-81ED-83F91906D50D}.Release|Any CPU.ActiveCfg = Release|Any CPU
		{949B4695-1E0E-4EC7-81ED-83F91906D50D}.Release|Any CPU.Build.0 = Release|Any CPU
	EndGlobalSection
	GlobalSection(SolutionProperties) = preSolution
		HideSolutionNode = FALSE
	EndGlobalSection
	GlobalSection(ExtensibilityGlobals) = postSolution
		SolutionGuid = {DABBA03E-AB12-4E9E-97FB-BBA238DA600D}
	EndGlobalSection
EndGlobal
